# This file is generated by running "yarn install" inside your project.
# Manual changes might be lost - proceed with caution!

__metadata:
  version: 8
  cacheKey: 10

"@babel/helper-string-parser@npm:^7.22.5":
  version: 7.22.5
  resolution: "@babel/helper-string-parser@npm:7.22.5"
  checksum: 7f275a7f1a9504da06afc33441e219796352a4a3d0288a961bc14d1e30e06833a71621b33c3e60ee3ac1ff3c502d55e392bcbc0665f6f9d2629809696fab7cdd
  languageName: node
  linkType: hard

"@babel/helper-validator-identifier@npm:^7.22.20":
  version: 7.22.20
  resolution: "@babel/helper-validator-identifier@npm:7.22.20"
  checksum: df882d2675101df2d507b95b195ca2f86a3ef28cb711c84f37e79ca23178e13b9f0d8b522774211f51e40168bf5142be4c1c9776a150cddb61a0d5bf3e95750b
  languageName: node
  linkType: hard

"@babel/parser@npm:^7.20.15":
  version: 7.23.0
  resolution: "@babel/parser@npm:7.23.0"
  bin:
    parser: ./bin/babel-parser.js
  checksum: 201641e068f8cca1ff12b141fcba32d7ccbabc586961bd1b85ae89d9695867f84d57fc2e1176dc4981fd28e5e97ca0e7c32cd688bd5eabb641a302abc0cb5040
  languageName: node
  linkType: hard

"@babel/types@npm:^7.8.3":
  version: 7.23.0
  resolution: "@babel/types@npm:7.23.0"
  dependencies:
    "@babel/helper-string-parser": "npm:^7.22.5"
    "@babel/helper-validator-identifier": "npm:^7.22.20"
    to-fast-properties: "npm:^2.0.0"
  checksum: ca5b896a26c91c5672254725c4c892a35567d2122afc47bd5331d1611a7f9230c19fc9ef591a5a6f80bf0d80737e104a9ac205c96447c74bee01d4319db58001
  languageName: node
  linkType: hard

"@haixing_hu/jsdoc-minami@workspace:.":
  version: 0.0.0-use.local
  resolution: "@haixing_hu/jsdoc-minami@workspace:."
  dependencies:
    jsdoc: "npm:^4.0.2"
    taffydb: "npm:^2.7.3"
  languageName: unknown
  linkType: soft

"@jsdoc/salty@npm:^0.2.1":
  version: 0.2.5
  resolution: "@jsdoc/salty@npm:0.2.5"
  dependencies:
    lodash: "npm:^4.17.21"
  checksum: b3f868457af175852403bc668422d8e5e83794e750717ddf91a9470f591c48a1079a48796a0deaedad8eda7b448b6f3a02700c05aff4aba299d2d578ee58fdf5
  languageName: node
  linkType: hard

"@types/linkify-it@npm:*":
  version: 3.0.3
  resolution: "@types/linkify-it@npm:3.0.3"
  checksum: a734becc4e7476833b0e6951ec133c006a34809639c722d3e28b7cf88f5f6ccbb433f195788be5e56209b1e9e6e0778879291dd2db401acee3bb585c44dcc329
  languageName: node
  linkType: hard

"@types/markdown-it@npm:^12.2.3":
  version: 12.2.3
  resolution: "@types/markdown-it@npm:12.2.3"
  dependencies:
    "@types/linkify-it": "npm:*"
    "@types/mdurl": "npm:*"
  checksum: 8838017dd0a0a9bd596114b959d287135393a18e3ddc6a46e9770bdd35c824b88d8ba4b60540ee75ae6c79dc0ccc72ff5d7745083c27900c98925c9b5ae058e6
  languageName: node
  linkType: hard

"@types/mdurl@npm:*":
  version: 1.0.3
  resolution: "@types/mdurl@npm:1.0.3"
  checksum: 5bbed4f0eb9f60040fa26be77aa2158ca468b6423876cec0d2043e7f8298e83b8e5b95fb66056327b02d747c4d376aed16c11ff3fdc4cb3dca327a6931a71f18
  languageName: node
  linkType: hard

"argparse@npm:^2.0.1":
  version: 2.0.1
  resolution: "argparse@npm:2.0.1"
  checksum: 18640244e641a417ec75a9bd38b0b2b6b95af5199aa241b131d4b2fb206f334d7ecc600bd194861610a5579084978bfcbb02baa399dbe442d56d0ae5e60dbaef
  languageName: node
  linkType: hard

"bluebird@npm:^3.7.2":
  version: 3.7.2
  resolution: "bluebird@npm:3.7.2"
  checksum: 007c7bad22c5d799c8dd49c85b47d012a1fe3045be57447721e6afbd1d5be43237af1db62e26cb9b0d9ba812d2e4ca3bac82f6d7e016b6b88de06ee25ceb96e7
  languageName: node
  linkType: hard

"catharsis@npm:^0.9.0":
  version: 0.9.0
  resolution: "catharsis@npm:0.9.0"
  dependencies:
    lodash: "npm:^4.17.15"
  checksum: a4f54d5982c0bc4342b1b27b89aa7fb359994ecd1d41431d8bd30432171188179fce1d11a0240863adb05edd157d5af1ded4c72b4972b0098f266e28f9c67164
  languageName: node
  linkType: hard

"entities@npm:~2.1.0":
  version: 2.1.0
  resolution: "entities@npm:2.1.0"
  checksum: fe71642e42e108540b0324dea03e00f3dbad93617c601bfcf292c3f852c236af3e58469219c4653f6f05df781a446f3b82105b8d26b936d0fa246b0103f2f951
  languageName: node
  linkType: hard

"escape-string-regexp@npm:^2.0.0":
  version: 2.0.0
  resolution: "escape-string-regexp@npm:2.0.0"
  checksum: 9f8a2d5743677c16e85c810e3024d54f0c8dea6424fad3c79ef6666e81dd0846f7437f5e729dfcdac8981bc9e5294c39b4580814d114076b8d36318f46ae4395
  languageName: node
  linkType: hard

"graceful-fs@npm:^4.1.9":
  version: 4.2.11
  resolution: "graceful-fs@npm:4.2.11"
  checksum: bf152d0ed1dc159239db1ba1f74fdbc40cb02f626770dcd5815c427ce0688c2635a06ed69af364396da4636d0408fcf7d4afdf7881724c3307e46aff30ca49e2
  languageName: node
  linkType: hard

"js2xmlparser@npm:^4.0.2":
  version: 4.0.2
  resolution: "js2xmlparser@npm:4.0.2"
  dependencies:
    xmlcreate: "npm:^2.0.4"
  checksum: 42ccb1372844b6e1d9166254b01fe31d485a0e398fba4f2b095bcca081a2c2f4414b0bd4a32263cd20e01cee681684608255778034fec050e3f5929fd776936c
  languageName: node
  linkType: hard

"jsdoc@npm:^4.0.2":
  version: 4.0.2
  resolution: "jsdoc@npm:4.0.2"
  dependencies:
    "@babel/parser": "npm:^7.20.15"
    "@jsdoc/salty": "npm:^0.2.1"
    "@types/markdown-it": "npm:^12.2.3"
    bluebird: "npm:^3.7.2"
    catharsis: "npm:^0.9.0"
    escape-string-regexp: "npm:^2.0.0"
    js2xmlparser: "npm:^4.0.2"
    klaw: "npm:^3.0.0"
    markdown-it: "npm:^12.3.2"
    markdown-it-anchor: "npm:^8.4.1"
    marked: "npm:^4.0.10"
    mkdirp: "npm:^1.0.4"
    requizzle: "npm:^0.2.3"
    strip-json-comments: "npm:^3.1.0"
    underscore: "npm:~1.13.2"
  bin:
    jsdoc: jsdoc.js
  checksum: 1cd7e871f1d9c2af5dd8d3bb1d01b9905807fcb7df7d59e0e4d2ab424224963a145944b975f70947909dd9e246ad52d5e685cd1e7b0381a2195d44d7b7c43163
  languageName: node
  linkType: hard

"klaw@npm:^3.0.0":
  version: 3.0.0
  resolution: "klaw@npm:3.0.0"
  dependencies:
    graceful-fs: "npm:^4.1.9"
  checksum: b55bb6c5dad4f5f2431914fd4b2d0312cdd3581fc1ef75ca0b83899c76dfc4c78b6a22508a33cb8c1ebe0bbdc13aa028a05eda23ef11625a935c30687fd8be14
  languageName: node
  linkType: hard

"linkify-it@npm:^3.0.1":
  version: 3.0.3
  resolution: "linkify-it@npm:3.0.3"
  dependencies:
    uc.micro: "npm:^1.0.1"
  checksum: 1ed466b02ad361bb5e5b94a81232fc126890751038bf3e61f648f4ccb01e5e096bba66c3eff3d21ed5e3da738de0dc29783afedf0255733669889aa09d49e47e
  languageName: node
  linkType: hard

"lodash@npm:^4.17.15, lodash@npm:^4.17.21":
  version: 4.17.21
  resolution: "lodash@npm:4.17.21"
  checksum: c08619c038846ea6ac754abd6dd29d2568aa705feb69339e836dfa8d8b09abbb2f859371e86863eda41848221f9af43714491467b5b0299122431e202bb0c532
  languageName: node
  linkType: hard

"markdown-it-anchor@npm:^8.4.1":
  version: 8.6.7
  resolution: "markdown-it-anchor@npm:8.6.7"
  peerDependencies:
    "@types/markdown-it": "*"
    markdown-it: "*"
  checksum: 1b061e9c8fb093dab6040725f9f3cedae7da1160a14ee8f29d144534be7ee5c788f02a4de4019f55eb8514cae5f12d350baaa7d08732c26a62abc60e5e66c7f7
  languageName: node
  linkType: hard

"markdown-it@npm:^12.3.2":
  version: 12.3.2
  resolution: "markdown-it@npm:12.3.2"
  dependencies:
    argparse: "npm:^2.0.1"
    entities: "npm:~2.1.0"
    linkify-it: "npm:^3.0.1"
    mdurl: "npm:^1.0.1"
    uc.micro: "npm:^1.0.5"
  bin:
    markdown-it: bin/markdown-it.js
  checksum: d83d794bfb9f5e05750b25db401d9c1f9b97c6bbabb6cfd78988bb98652c62c24417435487238e2b91fd4e495547ae8c9429fb4c69e9f5bf49bd0dd292d53f24
  languageName: node
  linkType: hard

"marked@npm:^4.0.10":
  version: 4.3.0
  resolution: "marked@npm:4.3.0"
  bin:
    marked: bin/marked.js
  checksum: c830bb4cb3705b754ca342b656e8a582d7428706b2678c898b856f6030c134ce2d1e19136efa3e6a1841f7330efbd24963d6bdeddc57d2938e906250f99895d0
  languageName: node
  linkType: hard

"mdurl@npm:^1.0.1":
  version: 1.0.1
  resolution: "mdurl@npm:1.0.1"
  checksum: ada367d01c9e81d07328101f187d5bd8641b71f33eab075df4caed935a24fa679e625f07108801d8250a5e4a99e5cd4be7679957a11424a3aa3e740d2bb2d5cb
  languageName: node
  linkType: hard

"mkdirp@npm:^1.0.4":
  version: 1.0.4
  resolution: "mkdirp@npm:1.0.4"
  bin:
    mkdirp: bin/cmd.js
  checksum: d71b8dcd4b5af2fe13ecf3bd24070263489404fe216488c5ba7e38ece1f54daf219e72a833a3a2dc404331e870e9f44963a33399589490956bff003a3404d3b2
  languageName: node
  linkType: hard

"requizzle@npm:^0.2.3":
  version: 0.2.4
  resolution: "requizzle@npm:0.2.4"
  dependencies:
    lodash: "npm:^4.17.21"
  checksum: b13ce6d2a45d46be84ab274422b08a3233119e41ea5e1c8cef814abced2e25d15b7d4b995ef5d419f3dc6537314e6b1ba4a5c84d998d4143cf9938a67fc63587
  languageName: node
  linkType: hard

"strip-json-comments@npm:^3.1.0":
  version: 3.1.1
  resolution: "strip-json-comments@npm:3.1.1"
  checksum: 492f73e27268f9b1c122733f28ecb0e7e8d8a531a6662efbd08e22cccb3f9475e90a1b82cab06a392f6afae6d2de636f977e231296400d0ec5304ba70f166443
  languageName: node
  linkType: hard

"taffydb@npm:^2.7.3":
  version: 2.7.3
  resolution: "taffydb@npm:2.7.3"
  checksum: d013c1380aadee482fce696311ecf8fb69c19d558cb0f2232a9d844bfff3a81b7cbb1286080c6231f3a17cd311cab314298cd7daa467a61574460556a3a1bac0
  languageName: node
  linkType: hard

"to-fast-properties@npm:^2.0.0":
  version: 2.0.0
  resolution: "to-fast-properties@npm:2.0.0"
  checksum: be2de62fe58ead94e3e592680052683b1ec986c72d589e7b21e5697f8744cdbf48c266fa72f6c15932894c10187b5f54573a3bcf7da0bfd964d5caf23d436168
  languageName: node
  linkType: hard

"uc.micro@npm:^1.0.1, uc.micro@npm:^1.0.5":
  version: 1.0.6
  resolution: "uc.micro@npm:1.0.6"
  checksum: 6898bb556319a38e9cf175e3628689347bd26fec15fc6b29fa38e0045af63075ff3fea4cf1fdba9db46c9f0cbf07f2348cd8844889dd31ebd288c29fe0d27e7a
  languageName: node
  linkType: hard

"underscore@npm:~1.13.2":
  version: 1.13.6
  resolution: "underscore@npm:1.13.6"
  checksum: 58cf5dc42cb0ac99c146ae4064792c0a2cc84f3a3c4ad88f5082e79057dfdff3371d896d1ec20379e9ece2450d94fa78f2ef5bfefc199ba320653e32c009bd66
  languageName: node
  linkType: hard

"xmlcreate@npm:^2.0.4":
  version: 2.0.4
  resolution: "xmlcreate@npm:2.0.4"
  checksum: 4b508f92848fcc05d98b5c0bee40242de327410dda3d16659bb9d3c88faeba26f4af793111ad443be673a60f300b9fd51a6349875c63f34bcbe61a321b94c7ef
  languageName: node
  linkType: hard
