# This file is generated by running "yarn install" inside your project.
# Manual changes might be lost - proceed with caution!

__metadata:
  version: 6
  cacheKey: 8

"@babel/helper-string-parser@npm:^7.22.5":
  version: 7.22.5
  resolution: "@babel/helper-string-parser@npm:7.22.5"
  checksum: 836851ca5ec813077bbb303acc992d75a360267aa3b5de7134d220411c852a6f17de7c0d0b8c8dcc0f567f67874c00f4528672b2a4f1bc978a3ada64c8c78467
  languageName: node
  linkType: hard

"@babel/helper-validator-identifier@npm:^7.22.20":
  version: 7.22.20
  resolution: "@babel/helper-validator-identifier@npm:7.22.20"
  checksum: 136412784d9428266bcdd4d91c32bcf9ff0e8d25534a9d94b044f77fe76bc50f941a90319b05aafd1ec04f7d127cd57a179a3716009ff7f3412ef835ada95bdc
  languageName: node
  linkType: hard

"@babel/parser@npm:^7.20.15":
  version: 7.23.0
  resolution: "@babel/parser@npm:7.23.0"
  bin:
    parser: ./bin/babel-parser.js
  checksum: 453fdf8b9e2c2b7d7b02139e0ce003d1af21947bbc03eb350fb248ee335c9b85e4ab41697ddbdd97079698de825a265e45a0846bb2ed47a2c7c1df833f42a354
  languageName: node
  linkType: hard

"@babel/types@npm:^7.8.3":
  version: 7.23.0
  resolution: "@babel/types@npm:7.23.0"
  dependencies:
    "@babel/helper-string-parser": ^7.22.5
    "@babel/helper-validator-identifier": ^7.22.20
    to-fast-properties: ^2.0.0
  checksum: 215fe04bd7feef79eeb4d33374b39909ce9cad1611c4135a4f7fdf41fe3280594105af6d7094354751514625ea92d0875aba355f53e86a92600f290e77b0e604
  languageName: node
  linkType: hard

"@haixing_hu/jsdoc-minami@workspace:.":
  version: 0.0.0-use.local
  resolution: "@haixing_hu/jsdoc-minami@workspace:."
  dependencies:
    jsdoc: ^4.0.2
    taffydb: ^2.7.3
  languageName: unknown
  linkType: soft

"@jsdoc/salty@npm:^0.2.1":
  version: 0.2.5
  resolution: "@jsdoc/salty@npm:0.2.5"
  dependencies:
    lodash: ^4.17.21
  checksum: 16c65d48c340d8f1b892797bdd6ace4f90d916d16bed5023f2a5421240ead20e828031dfb1d07b8eb0e172a62f532c3c005287e723e30ee9a0c8a0d7d2e98953
  languageName: node
  linkType: hard

"@types/linkify-it@npm:*":
  version: 3.0.3
  resolution: "@types/linkify-it@npm:3.0.3"
  checksum: a734becc4e7476833b0e6951ec133c006a34809639c722d3e28b7cf88f5f6ccbb433f195788be5e56209b1e9e6e0778879291dd2db401acee3bb585c44dcc329
  languageName: node
  linkType: hard

"@types/markdown-it@npm:^12.2.3":
  version: 12.2.3
  resolution: "@types/markdown-it@npm:12.2.3"
  dependencies:
    "@types/linkify-it": "*"
    "@types/mdurl": "*"
  checksum: 868824a3e4d00718ba9cd4762cf16694762a670860f4b402e6e9f952b6841a2027488bdc55d05c2b960bf5078df21a9d041270af7e8949514645fe88fdb722ac
  languageName: node
  linkType: hard

"@types/mdurl@npm:*":
  version: 1.0.3
  resolution: "@types/mdurl@npm:1.0.3"
  checksum: 5bbed4f0eb9f60040fa26be77aa2158ca468b6423876cec0d2043e7f8298e83b8e5b95fb66056327b02d747c4d376aed16c11ff3fdc4cb3dca327a6931a71f18
  languageName: node
  linkType: hard

"argparse@npm:^2.0.1":
  version: 2.0.1
  resolution: "argparse@npm:2.0.1"
  checksum: 83644b56493e89a254bae05702abf3a1101b4fa4d0ca31df1c9985275a5a5bd47b3c27b7fa0b71098d41114d8ca000e6ed90cad764b306f8a503665e4d517ced
  languageName: node
  linkType: hard

"bluebird@npm:^3.7.2":
  version: 3.7.2
  resolution: "bluebird@npm:3.7.2"
  checksum: 869417503c722e7dc54ca46715f70e15f4d9c602a423a02c825570862d12935be59ed9c7ba34a9b31f186c017c23cac6b54e35446f8353059c101da73eac22ef
  languageName: node
  linkType: hard

"catharsis@npm:^0.9.0":
  version: 0.9.0
  resolution: "catharsis@npm:0.9.0"
  dependencies:
    lodash: ^4.17.15
  checksum: da867df1fd01823ea5a7283886ba382f6eb5b1fe5af356e00fd944a02d9b867f4ea2fc7f61416c53427f62760fdbd41614f6e8ae37686d2c3a4696871526df20
  languageName: node
  linkType: hard

"entities@npm:~2.1.0":
  version: 2.1.0
  resolution: "entities@npm:2.1.0"
  checksum: a10a877e489586a3f6a691fe49bf3fc4e58f06c8e80522f08214a5150ba457e7017b447d4913a3fa041bda06ee4c92517baa4d8d75373eaa79369e9639225ffd
  languageName: node
  linkType: hard

"escape-string-regexp@npm:^2.0.0":
  version: 2.0.0
  resolution: "escape-string-regexp@npm:2.0.0"
  checksum: 9f8a2d5743677c16e85c810e3024d54f0c8dea6424fad3c79ef6666e81dd0846f7437f5e729dfcdac8981bc9e5294c39b4580814d114076b8d36318f46ae4395
  languageName: node
  linkType: hard

"graceful-fs@npm:^4.1.9":
  version: 4.2.11
  resolution: "graceful-fs@npm:4.2.11"
  checksum: ac85f94da92d8eb6b7f5a8b20ce65e43d66761c55ce85ac96df6865308390da45a8d3f0296dd3a663de65d30ba497bd46c696cc1e248c72b13d6d567138a4fc7
  languageName: node
  linkType: hard

"js2xmlparser@npm:^4.0.2":
  version: 4.0.2
  resolution: "js2xmlparser@npm:4.0.2"
  dependencies:
    xmlcreate: ^2.0.4
  checksum: 55e3af71dc0104941dfc3e85452230db42ff3870a5777d1ea26bc0c68743f49113a517a7b305421a932b29f10058a012a7da8f5ba07860a05a1dce9fe5b62962
  languageName: node
  linkType: hard

"jsdoc@npm:^4.0.2":
  version: 4.0.2
  resolution: "jsdoc@npm:4.0.2"
  dependencies:
    "@babel/parser": ^7.20.15
    "@jsdoc/salty": ^0.2.1
    "@types/markdown-it": ^12.2.3
    bluebird: ^3.7.2
    catharsis: ^0.9.0
    escape-string-regexp: ^2.0.0
    js2xmlparser: ^4.0.2
    klaw: ^3.0.0
    markdown-it: ^12.3.2
    markdown-it-anchor: ^8.4.1
    marked: ^4.0.10
    mkdirp: ^1.0.4
    requizzle: ^0.2.3
    strip-json-comments: ^3.1.0
    underscore: ~1.13.2
  bin:
    jsdoc: jsdoc.js
  checksum: 04bf5ab005349b7581bd0e72ed99933eb71a41dcb47235b486b7d9146fbdf212a53e0cc044abe48ccf46012bd812dc1dfc007c6d679660ebdd053cd000242515
  languageName: node
  linkType: hard

"klaw@npm:^3.0.0":
  version: 3.0.0
  resolution: "klaw@npm:3.0.0"
  dependencies:
    graceful-fs: ^4.1.9
  checksum: 1bf9de22392c80d28de8a2babd6f0de29fa52fcdc1654838fd35174b3641c168ec32b8b03022191e3c190efd535c31fce23f85e29cb260245571da7263ef418e
  languageName: node
  linkType: hard

"linkify-it@npm:^3.0.1":
  version: 3.0.3
  resolution: "linkify-it@npm:3.0.3"
  dependencies:
    uc.micro: ^1.0.1
  checksum: 31367a4bb70c5bbc9703246236b504b0a8e049bcd4e0de4291fa50f0ebdebf235b5eb54db6493cb0b1319357c6eeafc4324c9f4aa34b0b943d9f2e11a1268fbc
  languageName: node
  linkType: hard

"lodash@npm:^4.17.15, lodash@npm:^4.17.21":
  version: 4.17.21
  resolution: "lodash@npm:4.17.21"
  checksum: eb835a2e51d381e561e508ce932ea50a8e5a68f4ebdd771ea240d3048244a8d13658acbd502cd4829768c56f2e16bdd4340b9ea141297d472517b83868e677f7
  languageName: node
  linkType: hard

"markdown-it-anchor@npm:^8.4.1":
  version: 8.6.7
  resolution: "markdown-it-anchor@npm:8.6.7"
  peerDependencies:
    "@types/markdown-it": "*"
    markdown-it: "*"
  checksum: 828236768ac7f61ed5591393c1b1bfc5dbf2b6d0c58a3deec606c61dddaa12658a34450cbef37ab50a04453e618ce1efd47d86e4e52595024334898fd306225b
  languageName: node
  linkType: hard

"markdown-it@npm:^12.3.2":
  version: 12.3.2
  resolution: "markdown-it@npm:12.3.2"
  dependencies:
    argparse: ^2.0.1
    entities: ~2.1.0
    linkify-it: ^3.0.1
    mdurl: ^1.0.1
    uc.micro: ^1.0.5
  bin:
    markdown-it: bin/markdown-it.js
  checksum: 890555711c1c00fa03b936ca2b213001a3b9b37dea140d8445ae4130ce16628392aad24b12e2a0a9935336ca5951f2957a38f4e5309a2e38eab44e25ff32a41e
  languageName: node
  linkType: hard

"marked@npm:^4.0.10":
  version: 4.3.0
  resolution: "marked@npm:4.3.0"
  bin:
    marked: bin/marked.js
  checksum: 0db6817893952c3ec710eb9ceafb8468bf5ae38cb0f92b7b083baa13d70b19774674be04db5b817681fa7c5c6a088f61300815e4dd75a59696f4716ad69f6260
  languageName: node
  linkType: hard

"mdurl@npm:^1.0.1":
  version: 1.0.1
  resolution: "mdurl@npm:1.0.1"
  checksum: 71731ecba943926bfbf9f9b51e28b5945f9411c4eda80894221b47cc105afa43ba2da820732b436f0798fd3edbbffcd1fc1415843c41a87fea08a41cc1e3d02b
  languageName: node
  linkType: hard

"mkdirp@npm:^1.0.4":
  version: 1.0.4
  resolution: "mkdirp@npm:1.0.4"
  bin:
    mkdirp: bin/cmd.js
  checksum: a96865108c6c3b1b8e1d5e9f11843de1e077e57737602de1b82030815f311be11f96f09cce59bd5b903d0b29834733e5313f9301e3ed6d6f6fba2eae0df4298f
  languageName: node
  linkType: hard

"requizzle@npm:^0.2.3":
  version: 0.2.4
  resolution: "requizzle@npm:0.2.4"
  dependencies:
    lodash: ^4.17.21
  checksum: fceaa448b235f9ed111aa58360129225a3cec1a897a23293dc08d2a00f001756c042a62df0a9d4d1e2669ace52dec960aea73437f407b30c51bfba2e9da208b7
  languageName: node
  linkType: hard

"strip-json-comments@npm:^3.1.0":
  version: 3.1.1
  resolution: "strip-json-comments@npm:3.1.1"
  checksum: 492f73e27268f9b1c122733f28ecb0e7e8d8a531a6662efbd08e22cccb3f9475e90a1b82cab06a392f6afae6d2de636f977e231296400d0ec5304ba70f166443
  languageName: node
  linkType: hard

"taffydb@npm:^2.7.3":
  version: 2.7.3
  resolution: "taffydb@npm:2.7.3"
  checksum: 40b1c3d463c9479e1b7154018eee5da8725ce46bfbe88be9bce1f84a73459280d79cbef7a597446997bcbf66372251257981e7578b882755dedbd8e203f4e6e0
  languageName: node
  linkType: hard

"to-fast-properties@npm:^2.0.0":
  version: 2.0.0
  resolution: "to-fast-properties@npm:2.0.0"
  checksum: be2de62fe58ead94e3e592680052683b1ec986c72d589e7b21e5697f8744cdbf48c266fa72f6c15932894c10187b5f54573a3bcf7da0bfd964d5caf23d436168
  languageName: node
  linkType: hard

"uc.micro@npm:^1.0.1, uc.micro@npm:^1.0.5":
  version: 1.0.6
  resolution: "uc.micro@npm:1.0.6"
  checksum: 6898bb556319a38e9cf175e3628689347bd26fec15fc6b29fa38e0045af63075ff3fea4cf1fdba9db46c9f0cbf07f2348cd8844889dd31ebd288c29fe0d27e7a
  languageName: node
  linkType: hard

"underscore@npm:~1.13.2":
  version: 1.13.6
  resolution: "underscore@npm:1.13.6"
  checksum: d5cedd14a9d0d91dd38c1ce6169e4455bb931f0aaf354108e47bd46d3f2da7464d49b2171a5cf786d61963204a42d01ea1332a903b7342ad428deaafaf70ec36
  languageName: node
  linkType: hard

"xmlcreate@npm:^2.0.4":
  version: 2.0.4
  resolution: "xmlcreate@npm:2.0.4"
  checksum: b8dd52668b9aea77cd1408fa85538c14bb8dcc98b4e7bb51e76696c9c115d59eba7240298d0c4fd2caf8f1a8e283ab4e5c7b9a6bcfcf23a8b48f5068b677b748
  languageName: node
  linkType: hard
